// !$*UTF8*$!
{
	archiveVersion = 1;
	classes = {
	};
	objectVersion = 77;
	objects = {

/* Begin PBXContainerItemProxy section */
		85D5C3342DFD4A0800ABAD64 /* PBXContainerItemProxy */ = {
			isa = PBXContainerItemProxy;
			containerPortal = 85D5C31E2DFD4A0600ABAD64 /* Project object */;
			proxyType = 1;
			remoteGlobalIDString = 85D5C3252DFD4A0600ABAD64;
			remoteInfo = FptnVPN;
		};
		85D5C33E2DFD4A0800ABAD64 /* PBXContainerItemProxy */ = {
			isa = PBXContainerItemProxy;
			containerPortal = 85D5C31E2DFD4A0600ABAD64 /* Project object */;
			proxyType = 1;
			remoteGlobalIDString = 85D5C3252DFD4A0600ABAD64;
			remoteInfo = FptnVPN;
		};
/* End PBXContainerItemProxy section */

/* Begin PBXFileReference section */
		85D5C3262DFD4A0600ABAD64 /* FptnVPN.app */ = {isa = PBXFileReference; explicitFileType = wrapper.application; includeInIndex = 0; path = FptnVPN.app; sourceTree = BUILT_PRODUCTS_DIR; };
		85D5C3332DFD4A0800ABAD64 /* FptnVPNTests.xctest */ = {isa = PBXFileReference; explicitFileType = wrapper.cfbundle; includeInIndex = 0; path = FptnVPNTests.xctest; sourceTree = BUILT_PRODUCTS_DIR; };
		85D5C33D2DFD4A0800ABAD64 /* FptnVPNUITests.xctest */ = {isa = PBXFileReference; explicitFileType = wrapper.cfbundle; includeInIndex = 0; path = FptnVPNUITests.xctest; sourceTree = BUILT_PRODUCTS_DIR; };
/* End PBXFileReference section */

/* Begin PBXFileSystemSynchronizedRootGroup section */
		85D5C3282DFD4A0600ABAD64 /* FptnVPN */ = {
			isa = PBXFileSystemSynchronizedRootGroup;
			path = FptnVPN;
			sourceTree = "<group>";
		};
		85D5C3362DFD4A0800ABAD64 /* FptnVPNTests */ = {
			isa = PBXFileSystemSynchronizedRootGroup;
			path = FptnVPNTests;
			sourceTree = "<group>";
		};
		85D5C3402DFD4A0800ABAD64 /* FptnVPNUITests */ = {
			isa = PBXFileSystemSynchronizedRootGroup;
			path = FptnVPNUITests;
			sourceTree = "<group>";
		};
/* End PBXFileSystemSynchronizedRootGroup section */

/* Begin PBXFrameworksBuildPhase section */
		85D5C3232DFD4A0600ABAD64 /* Frameworks */ = {
			isa = PBXFrameworksBuildPhase;
			buildActionMask = 2147483647;
			files = (
			);
			runOnlyForDeploymentPostprocessing = 0;
		};
		85D5C3302DFD4A0800ABAD64 /* Frameworks */ = {
			isa = PBXFrameworksBuildPhase;
			buildActionMask = 2147483647;
			files = (
			);
			runOnlyForDeploymentPostprocessing = 0;
		};
		85D5C33A2DFD4A0800ABAD64 /* Frameworks */ = {
			isa = PBXFrameworksBuildPhase;
			buildActionMask = 2147483647;
			files = (
			);
			runOnlyForDeploymentPostprocessing = 0;
		};
/* End PBXFrameworksBuildPhase section */

/* Begin PBXGroup section */
		85D5C31D2DFD4A0600ABAD64 = {
			isa = PBXGroup;
			children = (
				85D5C3282DFD4A0600ABAD64 /* FptnVPN */,
				85D5C3362DFD4A0800ABAD64 /* FptnVPNTests */,
				85D5C3402DFD4A0800ABAD64 /* FptnVPNUITests */,
				85D5C3272DFD4A0600ABAD64 /* Products */,
			);
			sourceTree = "<group>";
		};
		85D5C3272DFD4A0600ABAD64 /* Products */ = {
			isa = PBXGroup;
			children = (
				85D5C3262DFD4A0600ABAD64 /* FptnVPN.app */,
				85D5C3332DFD4A0800ABAD64 /* FptnVPNTests.xctest */,
				85D5C33D2DFD4A0800ABAD64 /* FptnVPNUITests.xctest */,
			);
			name = Products;
			sourceTree = "<group>";
		};
/* End PBXGroup section */

/* Begin PBXNativeTarget section */
		85D5C3252DFD4A0600ABAD64 /* FptnVPN */ = {
			isa = PBXNativeTarget;
			buildConfigurationList = 85D5C3472DFD4A0800ABAD64 /* Build configuration list for PBXNativeTarget "FptnVPN" */;
			buildPhases = (
				85D5C3222DFD4A0600ABAD64 /* Sources */,
				85D5C3232DFD4A0600ABAD64 /* Frameworks */,
				85D5C3242DFD4A0600ABAD64 /* Resources */,
			);
			buildRules = (
			);
			dependencies = (
			);
			fileSystemSynchronizedGroups = (
				85D5C3282DFD4A0600ABAD64 /* FptnVPN */,
			);
			name = FptnVPN;
			packageProductDependencies = (
			);
			productName = FptnVPN;
			productReference = 85D5C3262DFD4A0600ABAD64 /* FptnVPN.app */;
			productType = "com.apple.product-type.application";
		};
		85D5C3322DFD4A0800ABAD64 /* FptnVPNTests */ = {
			isa = PBXNativeTarget;
			buildConfigurationList = 85D5C34A2DFD4A0800ABAD64 /* Build configuration list for PBXNativeTarget "FptnVPNTests" */;
			buildPhases = (
				85D5C32F2DFD4A0800ABAD64 /* Sources */,
				85D5C3302DFD4A0800ABAD64 /* Frameworks */,
				85D5C3312DFD4A0800ABAD64 /* Resources */,
			);
			buildRules = (
			);
			dependencies = (
				85D5C3352DFD4A0800ABAD64 /* PBXTargetDependency */,
			);
			fileSystemSynchronizedGroups = (
				85D5C3362DFD4A0800ABAD64 /* FptnVPNTests */,
			);
			name = FptnVPNTests;
			packageProductDependencies = (
			);
			productName = FptnVPNTests;
			productReference = 85D5C3332DFD4A0800ABAD64 /* FptnVPNTests.xctest */;
			productType = "com.apple.product-type.bundle.unit-test";
		};
		85D5C33C2DFD4A0800ABAD64 /* FptnVPNUITests */ = {
			isa = PBXNativeTarget;
			buildConfigurationList = 85D5C34D2DFD4A0800ABAD64 /* Build configuration list for PBXNativeTarget "FptnVPNUITests" */;
			buildPhases = (
				85D5C3392DFD4A0800ABAD64 /* Sources */,
				85D5C33A2DFD4A0800ABAD64 /* Frameworks */,
				85D5C33B2DFD4A0800ABAD64 /* Resources */,
			);
			buildRules = (
			);
			dependencies = (
				85D5C33F2DFD4A0800ABAD64 /* PBXTargetDependency */,
			);
			fileSystemSynchronizedGroups = (
				85D5C3402DFD4A0800ABAD64 /* FptnVPNUITests */,
			);
			name = FptnVPNUITests;
			packageProductDependencies = (
			);
			productName = FptnVPNUITests;
			productReference = 85D5C33D2DFD4A0800ABAD64 /* FptnVPNUITests.xctest */;
			productType = "com.apple.product-type.bundle.ui-testing";
		};
/* End PBXNativeTarget section */

/* Begin PBXProject section */
		85D5C31E2DFD4A0600ABAD64 /* Project object */ = {
			isa = PBXProject;
			attributes = {
				BuildIndependentTargetsInParallel = 1;
				LastSwiftUpdateCheck = 1640;
				LastUpgradeCheck = 1640;
				TargetAttributes = {
					85D5C3252DFD4A0600ABAD64 = {
						CreatedOnToolsVersion = 16.4;
					};
					85D5C3322DFD4A0800ABAD64 = {
						CreatedOnToolsVersion = 16.4;
						TestTargetID = 85D5C3252DFD4A0600ABAD64;
					};
					85D5C33C2DFD4A0800ABAD64 = {
						CreatedOnToolsVersion = 16.4;
						TestTargetID = 85D5C3252DFD4A0600ABAD64;
					};
				};
			};
			buildConfigurationList = 85D5C3212DFD4A0600ABAD64 /* Build configuration list for PBXProject "FptnVPN" */;
			developmentRegion = en;
			hasScannedForEncodings = 0;
			knownRegions = (
				en,
				Base,
			);
			mainGroup = 85D5C31D2DFD4A0600ABAD64;
			minimizedProjectReferenceProxies = 1;
			preferredProjectObjectVersion = 77;
			productRefGroup = 85D5C3272DFD4A0600ABAD64 /* Products */;
			projectDirPath = "";
			projectRoot = "";
			targets = (
				85D5C3252DFD4A0600ABAD64 /* FptnVPN */,
				85D5C3322DFD4A0800ABAD64 /* FptnVPNTests */,
				85D5C33C2DFD4A0800ABAD64 /* FptnVPNUITests */,
			);
		};
/* End PBXProject section */

/* Begin PBXResourcesBuildPhase section */
		85D5C3242DFD4A0600ABAD64 /* Resources */ = {
			isa = PBXResourcesBuildPhase;
			buildActionMask = 2147483647;
			files = (
			);
			runOnlyForDeploymentPostprocessing = 0;
		};
		85D5C3312DFD4A0800ABAD64 /* Resources */ = {
			isa = PBXResourcesBuildPhase;
			buildActionMask = 2147483647;
			files = (
			);
			runOnlyForDeploymentPostprocessing = 0;
		};
		85D5C33B2DFD4A0800ABAD64 /* Resources */ = {
			isa = PBXResourcesBuildPhase;
			buildActionMask = 2147483647;
			files = (
			);
			runOnlyForDeploymentPostprocessing = 0;
		};
/* End PBXResourcesBuildPhase section */

/* Begin PBXSourcesBuildPhase section */
		85D5C3222DFD4A0600ABAD64 /* Sources */ = {
			isa = PBXSourcesBuildPhase;
			buildActionMask = 2147483647;
			files = (
			);
			runOnlyForDeploymentPostprocessing = 0;
		};
		85D5C32F2DFD4A0800ABAD64 /* Sources */ = {
			isa = PBXSourcesBuildPhase;
			buildActionMask = 2147483647;
			files = (
			);
			runOnlyForDeploymentPostprocessing = 0;
		};
		85D5C3392DFD4A0800ABAD64 /* Sources */ = {
			isa = PBXSourcesBuildPhase;
			buildActionMask = 2147483647;
			files = (
			);
			runOnlyForDeploymentPostprocessing = 0;
		};
/* End PBXSourcesBuildPhase section */

/* Begin PBXTargetDependency section */
		85D5C3352DFD4A0800ABAD64 /* PBXTargetDependency */ = {
			isa = PBXTargetDependency;
			target = 85D5C3252DFD4A0600ABAD64 /* FptnVPN */;
			targetProxy = 85D5C3342DFD4A0800ABAD64 /* PBXContainerItemProxy */;
		};
		85D5C33F2DFD4A0800ABAD64 /* PBXTargetDependency */ = {
			isa = PBXTargetDependency;
			target = 85D5C3252DFD4A0600ABAD64 /* FptnVPN */;
			targetProxy = 85D5C33E2DFD4A0800ABAD64 /* PBXContainerItemProxy */;
		};
/* End PBXTargetDependency section */

/* Begin XCBuildConfiguration section */
		85D5C3452DFD4A0800ABAD64 /* Debug */ = {
			isa = XCBuildConfiguration;
			buildSettings = {
				ALWAYS_SEARCH_USER_PATHS = NO;
				ASSETCATALOG_COMPILER_GENERATE_SWIFT_ASSET_SYMBOL_EXTENSIONS = YES;
				CLANG_ANALYZER_NONNULL = YES;
				CLANG_ANALYZER_NUMBER_OBJECT_CONVERSION = YES_AGGRESSIVE;
				CLANG_CXX_LANGUAGE_STANDARD = "gnu++20";
				CLANG_ENABLE_MODULES = YES;
				CLANG_ENABLE_OBJC_ARC = YES;
				CLANG_ENABLE_OBJC_WEAK = YES;
				CLANG_WARN_BLOCK_CAPTURE_AUTORELEASING = YES;
				CLANG_WARN_BOOL_CONVERSION = YES;
				CLANG_WARN_COMMA = YES;
				CLANG_WARN_CONSTANT_CONVERSION = YES;
				CLANG_WARN_DEPRECATED_OBJC_IMPLEMENTATIONS = YES;
				CLANG_WARN_DIRECT_OBJC_ISA_USAGE = YES_ERROR;
				CLANG_WARN_DOCUMENTATION_COMMENTS = YES;
				CLANG_WARN_EMPTY_BODY = YES;
				CLANG_WARN_ENUM_CONVERSION = YES;
				CLANG_WARN_INFINITE_RECURSION = YES;
				CLANG_WARN_INT_CONVERSION = YES;
				CLANG_WARN_NON_LITERAL_NULL_CONVERSION = YES;
				CLANG_WARN_OBJC_IMPLICIT_RETAIN_SELF = YES;
				CLANG_WARN_OBJC_LITERAL_CONVERSION = YES;
				CLANG_WARN_OBJC_ROOT_CLASS = YES_ERROR;
				CLANG_WARN_QUOTED_INCLUDE_IN_FRAMEWORK_HEADER = YES;
				CLANG_WARN_RANGE_LOOP_ANALYSIS = YES;
				CLANG_WARN_STRICT_PROTOTYPES = YES;
				CLANG_WARN_SUSPICIOUS_MOVE = YES;
				CLANG_WARN_UNGUARDED_AVAILABILITY = YES_AGGRESSIVE;
				CLANG_WARN_UNREACHABLE_CODE = YES;
				CLANG_WARN__DUPLICATE_METHOD_MATCH = YES;
				COPY_PHASE_STRIP = NO;
				DEBUG_INFORMATION_FORMAT = dwarf;
				ENABLE_STRICT_OBJC_MSGSEND = YES;
				ENABLE_TESTABILITY = YES;
				ENABLE_USER_SCRIPT_SANDBOXING = YES;
				GCC_C_LANGUAGE_STANDARD = gnu17;
				GCC_DYNAMIC_NO_PIC = NO;
				GCC_NO_COMMON_BLOCKS = YES;
				GCC_OPTIMIZATION_LEVEL = 0;
				GCC_PREPROCESSOR_DEFINITIONS = (
					"DEBUG=1",
					"$(inherited)",
				);
				GCC_WARN_64_TO_32_BIT_CONVERSION = YES;
				GCC_WARN_ABOUT_RETURN_TYPE = YES_ERROR;
				GCC_WARN_UNDECLARED_SELECTOR = YES;
				GCC_WARN_UNINITIALIZED_AUTOS = YES_AGGRESSIVE;
				GCC_WARN_UNUSED_FUNCTION = YES;
				GCC_WARN_UNUSED_VARIABLE = YES;
				IPHONEOS_DEPLOYMENT_TARGET = 18.5;
				LOCALIZATION_PREFERS_STRING_CATALOGS = YES;
				MTL_ENABLE_DEBUG_INFO = INCLUDE_SOURCE;
				MTL_FAST_MATH = YES;
				ONLY_ACTIVE_ARCH = YES;
				SDKROOT = iphoneos;
				SWIFT_ACTIVE_COMPILATION_CONDITIONS = "DEBUG $(inherited)";
				SWIFT_OPTIMIZATION_LEVEL = "-Onone";
			};
			name = Debug;
		};
		85D5C3462DFD4A0800ABAD64 /* Release */ = {
			isa = XCBuildConfiguration;
			buildSettings = {
				ALWAYS_SEARCH_USER_PATHS = NO;
				ASSETCATALOG_COMPILER_GENERATE_SWIFT_ASSET_SYMBOL_EXTENSIONS = YES;
				CLANG_ANALYZER_NONNULL = YES;
				CLANG_ANALYZER_NUMBER_OBJECT_CONVERSION = YES_AGGRESSIVE;
				CLANG_CXX_LANGUAGE_STANDARD = "gnu++20";
				CLANG_ENABLE_MODULES = YES;
				CLANG_ENABLE_OBJC_ARC = YES;
				CLANG_ENABLE_OBJC_WEAK = YES;
				CLANG_WARN_BLOCK_CAPTURE_AUTORELEASING = YES;
				CLANG_WARN_BOOL_CONVERSION = YES;
				CLANG_WARN_COMMA = YES;
				CLANG_WARN_CONSTANT_CONVERSION = YES;
				CLANG_WARN_DEPRECATED_OBJC_IMPLEMENTATIONS = YES;
				CLANG_WARN_DIRECT_OBJC_ISA_USAGE = YES_ERROR;
				CLANG_WARN_DOCUMENTATION_COMMENTS = YES;
				CLANG_WARN_EMPTY_BODY = YES;
				CLANG_WARN_ENUM_CONVERSION = YES;
				CLANG_WARN_INFINITE_RECURSION = YES;
				CLANG_WARN_INT_CONVERSION = YES;
				CLANG_WARN_NON_LITERAL_NULL_CONVERSION = YES;
				CLANG_WARN_OBJC_IMPLICIT_RETAIN_SELF = YES;
				CLANG_WARN_OBJC_LITERAL_CONVERSION = YES;
				CLANG_WARN_OBJC_ROOT_CLASS = YES_ERROR;
				CLANG_WARN_QUOTED_INCLUDE_IN_FRAMEWORK_HEADER = YES;
				CLANG_WARN_RANGE_LOOP_ANALYSIS = YES;
				CLANG_WARN_STRICT_PROTOTYPES = YES;
				CLANG_WARN_SUSPICIOUS_MOVE = YES;
				CLANG_WARN_UNGUARDED_AVAILABILITY = YES_AGGRESSIVE;
				CLANG_WARN_UNREACHABLE_CODE = YES;
				CLANG_WARN__DUPLICATE_METHOD_MATCH = YES;
				COPY_PHASE_STRIP = NO;
				DEBUG_INFORMATION_FORMAT = "dwarf-with-dsym";
				ENABLE_NS_ASSERTIONS = NO;
				ENABLE_STRICT_OBJC_MSGSEND = YES;
				ENABLE_USER_SCRIPT_SANDBOXING = YES;
				GCC_C_LANGUAGE_STANDARD = gnu17;
				GCC_NO_COMMON_BLOCKS = YES;
				GCC_WARN_64_TO_32_BIT_CONVERSION = YES;
				GCC_WARN_ABOUT_RETURN_TYPE = YES_ERROR;
				GCC_WARN_UNDECLARED_SELECTOR = YES;
				GCC_WARN_UNINITIALIZED_AUTOS = YES_AGGRESSIVE;
				GCC_WARN_UNUSED_FUNCTION = YES;
				GCC_WARN_UNUSED_VARIABLE = YES;
				IPHONEOS_DEPLOYMENT_TARGET = 18.5;
				LOCALIZATION_PREFERS_STRING_CATALOGS = YES;
				MTL_ENABLE_DEBUG_INFO = NO;
				MTL_FAST_MATH = YES;
				SDKROOT = iphoneos;
				SWIFT_COMPILATION_MODE = wholemodule;
				VALIDATE_PRODUCT = YES;
			};
			name = Release;
		};
		85D5C3482DFD4A0800ABAD64 /* Debug */ = {
			isa = XCBuildConfiguration;
			buildSettings = {
				ASSETCATALOG_COMPILER_APPICON_NAME = AppIcon;
				ASSETCATALOG_COMPILER_GLOBAL_ACCENT_COLOR_NAME = AccentColor;
				CODE_SIGN_STYLE = Automatic;
				CURRENT_PROJECT_VERSION = 1;
				DEVELOPMENT_TEAM = 4Z69FVD453;
				ENABLE_PREVIEWS = YES;
				GENERATE_INFOPLIST_FILE = YES;
				INFOPLIST_KEY_UIApplicationSceneManifest_Generation = YES;
				INFOPLIST_KEY_UIApplicationSupportsIndirectInputEvents = YES;
				INFOPLIST_KEY_UILaunchScreen_Generation = YES;
				INFOPLIST_KEY_UISupportedInterfaceOrientations = UIInterfaceOrientationPortrait;
				LD_RUNPATH_SEARCH_PATHS = (
					"$(inherited)",
					"@executable_path/Frameworks",
				);
				MARKETING_VERSION = 1.0;
				PRODUCT_BUNDLE_IDENTIFIER = org.fptn.FptnVPN;
				PRODUCT_NAME = "$(TARGET_NAME)";
				SWIFT_EMIT_LOC_STRINGS = YES;
				SWIFT_VERSION = 5.0;
				TARGETED_DEVICE_FAMILY = "1,2";
			};
			name = Debug;
		};
		85D5C3492DFD4A0800ABAD64 /* Release */ = {
			isa = XCBuildConfiguration;
			buildSettings = {
				ASSETCATALOG_COMPILER_APPICON_NAME = AppIcon;
				ASSETCATALOG_COMPILER_GLOBAL_ACCENT_COLOR_NAME = AccentColor;
				CODE_SIGN_STYLE = Automatic;
				CURRENT_PROJECT_VERSION = 1;
				DEVELOPMENT_TEAM = 4Z69FVD453;
				ENABLE_PREVIEWS = YES;
				GENERATE_INFOPLIST_FILE = YES;
				INFOPLIST_KEY_UIApplicationSceneManifest_Generation = YES;
				INFOPLIST_KEY_UIApplicationSupportsIndirectInputEvents = YES;
				INFOPLIST_KEY_UILaunchScreen_Generation = YES;
				INFOPLIST_KEY_UISupportedInterfaceOrientations = UIInterfaceOrientationPortrait;
				LD_RUNPATH_SEARCH_PATHS = (
					"$(inherited)",
					"@executable_path/Frameworks",
				);
				MARKETING_VERSION = 1.0;
				PRODUCT_BUNDLE_IDENTIFIER = org.fptn.FptnVPN;
				PRODUCT_NAME = "$(TARGET_NAME)";
				SWIFT_EMIT_LOC_STRINGS = YES;
				SWIFT_VERSION = 5.0;
				TARGETED_DEVICE_FAMILY = "1,2";
			};
			name = Release;
		};
		85D5C34B2DFD4A0800ABAD64 /* Debug */ = {
			isa = XCBuildConfiguration;
			buildSettings = {
				BUNDLE_LOADER = "$(TEST_HOST)";
				CODE_SIGN_STYLE = Automatic;
				CURRENT_PROJECT_VERSION = 1;
				GENERATE_INFOPLIST_FILE = YES;
				IPHONEOS_DEPLOYMENT_TARGET = 18.5;
				MARKETING_VERSION = 1.0;
				PRODUCT_BUNDLE_IDENTIFIER = org.fptn.FptnVPNTests;
				PRODUCT_NAME = "$(TARGET_NAME)";
				SWIFT_EMIT_LOC_STRINGS = NO;
				SWIFT_VERSION = 5.0;
				TARGETED_DEVICE_FAMILY = "1,2";
				TEST_HOST = "$(BUILT_PRODUCTS_DIR)/FptnVPN.app/$(BUNDLE_EXECUTABLE_FOLDER_PATH)/FptnVPN";
			};
			name = Debug;
		};
		85D5C34C2DFD4A0800ABAD64 /* Release */ = {
			isa = XCBuildConfiguration;
			buildSettings = {
				BUNDLE_LOADER = "$(TEST_HOST)";
				CODE_SIGN_STYLE = Automatic;
				CURRENT_PROJECT_VERSION = 1;
				GENERATE_INFOPLIST_FILE = YES;
				IPHONEOS_DEPLOYMENT_TARGET = 18.5;
				MARKETING_VERSION = 1.0;
				PRODUCT_BUNDLE_IDENTIFIER = org.fptn.FptnVPNTests;
				PRODUCT_NAME = "$(TARGET_NAME)";
				SWIFT_EMIT_LOC_STRINGS = NO;
				SWIFT_VERSION = 5.0;
				TARGETED_DEVICE_FAMILY = "1,2";
				TEST_HOST = "$(BUILT_PRODUCTS_DIR)/FptnVPN.app/$(BUNDLE_EXECUTABLE_FOLDER_PATH)/FptnVPN";
			};
			name = Release;
		};
		85D5C34E2DFD4A0800ABAD64 /* Debug */ = {
			isa = XCBuildConfiguration;
			buildSettings = {
				CODE_SIGN_STYLE = Automatic;
				CURRENT_PROJECT_VERSION = 1;
				GENERATE_INFOPLIST_FILE = YES;
				MARKETING_VERSION = 1.0;
				PRODUCT_BUNDLE_IDENTIFIER = org.fptn.FptnVPNUITests;
				PRODUCT_NAME = "$(TARGET_NAME)";
				SWIFT_EMIT_LOC_STRINGS = NO;
				SWIFT_VERSION = 5.0;
				TARGETED_DEVICE_FAMILY = "1,2";
				TEST_TARGET_NAME = FptnVPN;
			};
			name = Debug;
		};
		85D5C34F2DFD4A0800ABAD64 /* Release */ = {
			isa = XCBuildConfiguration;
			buildSettings = {
				CODE_SIGN_STYLE = Automatic;
				CURRENT_PROJECT_VERSION = 1;
				GENERATE_INFOPLIST_FILE = YES;
				MARKETING_VERSION = 1.0;
				PRODUCT_BUNDLE_IDENTIFIER = org.fptn.FptnVPNUITests;
				PRODUCT_NAME = "$(TARGET_NAME)";
				SWIFT_EMIT_LOC_STRINGS = NO;
				SWIFT_VERSION = 5.0;
				TARGETED_DEVICE_FAMILY = "1,2";
				TEST_TARGET_NAME = FptnVPN;
			};
			name = Release;
		};
/* End XCBuildConfiguration section */

/* Begin XCConfigurationList section */
		85D5C3212DFD4A0600ABAD64 /* Build configuration list for PBXProject "FptnVPN" */ = {
			isa = XCConfigurationList;
			buildConfigurations = (
				85D5C3452DFD4A0800ABAD64 /* Debug */,
				85D5C3462DFD4A0800ABAD64 /* Release */,
			);
			defaultConfigurationIsVisible = 0;
			defaultConfigurationName = Release;
		};
		85D5C3472DFD4A0800ABAD64 /* Build configuration list for PBXNativeTarget "FptnVPN" */ = {
			isa = XCConfigurationList;
			buildConfigurations = (
				85D5C3482DFD4A0800ABAD64 /* Debug */,
				85D5C3492DFD4A0800ABAD64 /* Release */,
			);
			defaultConfigurationIsVisible = 0;
			defaultConfigurationName = Release;
		};
		85D5C34A2DFD4A0800ABAD64 /* Build configuration list for PBXNativeTarget "FptnVPNTests" */ = {
			isa = XCConfigurationList;
			buildConfigurations = (
				85D5C34B2DFD4A0800ABAD64 /* Debug */,
				85D5C34C2DFD4A0800ABAD64 /* Release */,
			);
			defaultConfigurationIsVisible = 0;
			defaultConfigurationName = Release;
		};
		85D5C34D2DFD4A0800ABAD64 /* Build configuration list for PBXNativeTarget "FptnVPNUITests" */ = {
			isa = XCConfigurationList;
			buildConfigurations = (
				85D5C34E2DFD4A0800ABAD64 /* Debug */,
				85D5C34F2DFD4A0800ABAD64 /* Release */,
			);
			defaultConfigurationIsVisible = 0;
			defaultConfigurationName = Release;
		};
/* End XCConfigurationList section */
	};
	rootObject = 85D5C31E2DFD4A0600ABAD64 /* Project object */;
}
